
Microsoft Visual Studio Solution File, Format Version 12.00
# Visual Studio Version 17
VisualStudioVersion = 17.8.34511.84
MinimumVisualStudioVersion = 10.0.40219.1
Project("{FAE04EC0-301F-11D3-BF4B-00C04F79EFBC}") = "APICallTesting", "APICallTesting.csproj", "{5A4FE1FB-AECF-485B-BC54-2D2ECB6FF1F9}"
EndProject
Global
	GlobalSection(SolutionConfigurationPlatforms) = preSolution
		Debug|Any CPU = Debug|Any CPU
		Release|Any CPU = Release|Any CPU
	EndGlobalSection
	GlobalSection(ProjectConfigurationPlatforms) = postSolution
		{5A4FE1FB-AECF-485B-BC54-2D2ECB6FF1F9}.Debug|Any CPU.ActiveCfg = Debug|Any CPU
		{5A4FE1FB-AECF-485B-BC54-2D2ECB6FF1F9}.Debug|Any CPU.Build.0 = Debug|Any CPU
		{5A4FE1FB-AECF-485B-BC54-2D2ECB6FF1F9}.Release|Any CPU.ActiveCfg = Release|Any CPU
		{5A4FE1FB-AECF-485B-BC54-2D2ECB6FF1F9}.Release|Any CPU.Build.0 = Release|Any CPU
	EndGlobalSection
	GlobalSection(SolutionProperties) = preSolution
		HideSolutionNode = FALSE
	EndGlobalSection
	GlobalSection(ExtensibilityGlobals) = postSolution
		SolutionGuid = {D2BC9A12-1D2D-4261-9E1C-BDB4CAD06424}
	EndGlobalSection
EndGlobal
